
Microsoft Visual Studio Solution File, Format Version 12.00
Project("{FAE04EC0-301F-11D3-BF4B-00C04F79EFBC}") = "VoiceRecorder", "VoiceRecorder\VoiceRecorder.csproj", "{F2131C9F-8111-471A-B19F-D4E2EB8C873A}"
EndProject
Global
	GlobalSection(SolutionConfigurationPlatforms) = preSolution
		Debug|Any CPU = Debug|Any CPU
		Release|Any CPU = Release|Any CPU
	EndGlobalSection
	GlobalSection(ProjectConfigurationPlatforms) = postSolution
		{F2131C9F-8111-471A-B19F-D4E2EB8C873A}.Debug|Any CPU.ActiveCfg = Debug|Any CPU
		{F2131C9F-8111-471A-B19F-D4E2EB8C873A}.Debug|Any CPU.Build.0 = Debug|Any CPU
		{F2131C9F-8111-471A-B19F-D4E2EB8C873A}.Release|Any CPU.ActiveCfg = Release|Any CPU
		{F2131C9F-8111-471A-B19F-D4E2EB8C873A}.Release|Any CPU.Build.0 = Release|Any CPU
	EndGlobalSection
EndGlobal
